// !$*UTF8*$!
{
	archiveVersion = 1;
	classes = {
	};
	objectVersion = 46;
	objects = {

/* Begin PBXBuildFile section */
		CA14539B18B7D89A0049A1BC /* failure-indicator.png in Resources */ = {isa = PBXBuildFile; fileRef = CA14539518B7D89A0049A1BC /* failure-indicator.png */; };
		CA14539C18B7D89A0049A1BC /* failure-indicator@2x.png in Resources */ = {isa = PBXBuildFile; fileRef = CA14539618B7D89A0049A1BC /* failure-indicator@2x.png */; };
		CA14539D18B7D89A0049A1BC /* success-indicator.png in Resources */ = {isa = PBXBuildFile; fileRef = CA14539718B7D89A0049A1BC /* success-indicator.png */; };
		CA14539E18B7D89A0049A1BC /* success-indicator@2x.png in Resources */ = {isa = PBXBuildFile; fileRef = CA14539818B7D89A0049A1BC /* success-indicator@2x.png */; };
		CA14539F18B7D89A0049A1BC /* KTLoader.m in Sources */ = {isa = PBXBuildFile; fileRef = CA14539A18B7D89A0049A1BC /* KTLoader.m */; };
		CA1453A318B7D8AE0049A1BC /* KTCircularProgressIndicator.m in Sources */ = {isa = PBXBuildFile; fileRef = CA1453A218B7D8AE0049A1BC /* KTCircularProgressIndicator.m */; };
		CA1453A718B7D8BD0049A1BC /* UIView+KTUtilities.m in Sources */ = {isa = PBXBuildFile; fileRef = CA1453A618B7D8BD0049A1BC /* UIView+KTUtilities.m */; };
		CA17A2D318B6FE7800E68DA7 /* Main.storyboard in Resources */ = {isa = PBXBuildFile; fileRef = CA17A2D118B6FE7800E68DA7 /* Main.storyboard */; };
		CA30BC2918ADD69D002A831C /* Foundation.framework in Frameworks */ = {isa = PBXBuildFile; fileRef = CA30BC2818ADD69D002A831C /* Foundation.framework */; };
		CA30BC2B18ADD69D002A831C /* CoreGraphics.framework in Frameworks */ = {isa = PBXBuildFile; fileRef = CA30BC2A18ADD69D002A831C /* CoreGraphics.framework */; };
		CA30BC2D18ADD69D002A831C /* UIKit.framework in Frameworks */ = {isa = PBXBuildFile; fileRef = CA30BC2C18ADD69D002A831C /* UIKit.framework */; };
		CA30BC3318ADD69D002A831C /* InfoPlist.strings in Resources */ = {isa = PBXBuildFile; fileRef = CA30BC3118ADD69D002A831C /* InfoPlist.strings */; };
		CA30BC3518ADD69D002A831C /* main.m in Sources */ = {isa = PBXBuildFile; fileRef = CA30BC3418ADD69D002A831C /* main.m */; };
		CA30BC3918ADD69D002A831C /* AppDelegate.m in Sources */ = {isa = PBXBuildFile; fileRef = CA30BC3818ADD69D002A831C /* AppDelegate.m */; };
		CA30BC3F18ADD69D002A831C /* MasterViewController.m in Sources */ = {isa = PBXBuildFile; fileRef = CA30BC3E18ADD69D002A831C /* MasterViewController.m */; };
		CA30BC4218ADD69D002A831C /* DetailViewController.m in Sources */ = {isa = PBXBuildFile; fileRef = CA30BC4118ADD69D002A831C /* DetailViewController.m */; };
		CA30BC4418ADD69D002A831C /* Images.xcassets in Resources */ = {isa = PBXBuildFile; fileRef = CA30BC4318ADD69D002A831C /* Images.xcassets */; };
		CA30BC4B18ADD69D002A831C /* XCTest.framework in Frameworks */ = {isa = PBXBuildFile; fileRef = CA30BC4A18ADD69D002A831C /* XCTest.framework */; };
		CA30BC4C18ADD69D002A831C /* Foundation.framework in Frameworks */ = {isa = PBXBuildFile; fileRef = CA30BC2818ADD69D002A831C /* Foundation.framework */; };
		CA30BC4D18ADD69D002A831C /* UIKit.framework in Frameworks */ = {isa = PBXBuildFile; fileRef = CA30BC2C18ADD69D002A831C /* UIKit.framework */; };
		CA30BC5518ADD69D002A831C /* InfoPlist.strings in Resources */ = {isa = PBXBuildFile; fileRef = CA30BC5318ADD69D002A831C /* InfoPlist.strings */; };
		CA30BC5718ADD69D002A831C /* LightrTests.m in Sources */ = {isa = PBXBuildFile; fileRef = CA30BC5618ADD69D002A831C /* LightrTests.m */; };
		CA4F2E5318ADDF610047BDA2 /* TVIcon.m in Sources */ = {isa = PBXBuildFile; fileRef = CA4F2E5218ADDF610047BDA2 /* TVIcon.m */; };
		CA5C0B8818B3D2AA0066AB18 /* MessageUI.framework in Frameworks */ = {isa = PBXBuildFile; fileRef = CA5C0B8718B3D2AA0066AB18 /* MessageUI.framework */; };
		CA5C0BD418B3E0D20066AB18 /* Lightr.xcdatamodel in Sources */ = {isa = PBXBuildFile; fileRef = CA5C0BD318B3E0D20066AB18 /* Lightr.xcdatamodel */; };
		CA5C0BD618B3E17A0066AB18 /* CoreData.framework in Frameworks */ = {isa = PBXBuildFile; fileRef = CA5C0BD518B3E17A0066AB18 /* CoreData.framework */; };
		CA5C0BD918B3E4CA0066AB18 /* Configuration.m in Sources */ = {isa = PBXBuildFile; fileRef = CA5C0BD818B3E4CA0066AB18 /* Configuration.m */; };
		CA5C0BDC18B3EFC70066AB18 /* ConfigurationCell.m in Sources */ = {isa = PBXBuildFile; fileRef = CA5C0BDB18B3EFC70066AB18 /* ConfigurationCell.m */; };
		CA79507718B717D20094682A /* colorPicker.bundle in Resources */ = {isa = PBXBuildFile; fileRef = CA79506418B717D20094682A /* colorPicker.bundle */; };
		CA79507818B717D20094682A /* NEOColorPickerBaseViewController.m in Sources */ = {isa = PBXBuildFile; fileRef = CA79506618B717D20094682A /* NEOColorPickerBaseViewController.m */; };
		CA79507B18B717D20094682A /* NEOColorPickerGradientView.m in Sources */ = {isa = PBXBuildFile; fileRef = CA79506B18B717D20094682A /* NEOColorPickerGradientView.m */; };
		CA79507C18B717D20094682A /* NEOColorPickerHSLViewController.m in Sources */ = {isa = PBXBuildFile; fileRef = CA79506D18B717D20094682A /* NEOColorPickerHSLViewController.m */; };
		CA79507D18B717D20094682A /* NEOColorPickerHSLViewController.xib in Resources */ = {isa = PBXBuildFile; fileRef = CA79506E18B717D20094682A /* NEOColorPickerHSLViewController.xib */; };
		CA79507E18B717D20094682A /* NEOColorPickerHueGridViewController.m in Sources */ = {isa = PBXBuildFile; fileRef = CA79507018B717D20094682A /* NEOColorPickerHueGridViewController.m */; };
		CA79507F18B717D20094682A /* NEOColorPickerHueGridViewController.xib in Resources */ = {isa = PBXBuildFile; fileRef = CA79507118B717D20094682A /* NEOColorPickerHueGridViewController.xib */; };
		CA79508018B717D20094682A /* NEOColorPickerViewController.m in Sources */ = {isa = PBXBuildFile; fileRef = CA79507318B717D20094682A /* NEOColorPickerViewController.m */; };
		CA79508118B717D20094682A /* NEOColorPickerViewController.xib in Resources */ = {isa = PBXBuildFile; fileRef = CA79507418B717D20094682A /* NEOColorPickerViewController.xib */; };
		CA79508218B717D20094682A /* UIColor+NEOColor.m in Sources */ = {isa = PBXBuildFile; fileRef = CA79507618B717D20094682A /* UIColor+NEOColor.m */; };
		CA79508518B7269C0094682A /* UIColor+RGBValues.m in Sources */ = {isa = PBXBuildFile; fileRef = CA79508418B7269C0094682A /* UIColor+RGBValues.m */; };
		CA79508718B73A880094682A /* whole.config in Resources */ = {isa = PBXBuildFile; fileRef = CA79508618B73A880094682A /* whole.config */; };
		CA79508918B742440094682A /* split-horiz.config in Resources */ = {isa = PBXBuildFile; fileRef = CA79508818B742440094682A /* split-horiz.config */; };
		CA79508B18B7585D0094682A /* split-vert.config in Resources */ = {isa = PBXBuildFile; fileRef = CA79508A18B7585D0094682A /* split-vert.config */; };
		CA79508D18B75BAB0094682A /* split-horiz-thirds.config in Resources */ = {isa = PBXBuildFile; fileRef = CA79508C18B75BAB0094682A /* split-horiz-thirds.config */; };
		CA79508F18B75C9E0094682A /* split-vert-thirds.config in Resources */ = {isa = PBXBuildFile; fileRef = CA79508E18B75C9E0094682A /* split-vert-thirds.config */; };
		CA79509118B75CF70094682A /* quadrants.config in Resources */ = {isa = PBXBuildFile; fileRef = CA79509018B75CF70094682A /* quadrants.config */; };
		CAEE564218B4934E000667F2 /* ColorPickerViewController.m in Sources */ = {isa = PBXBuildFile; fileRef = CAEE564118B4934E000667F2 /* ColorPickerViewController.m */; };
/* End PBXBuildFile section */

/* Begin PBXContainerItemProxy section */
		CA30BC4E18ADD69D002A831C /* PBXContainerItemProxy */ = {
			isa = PBXContainerItemProxy;
			containerPortal = CA30BC1D18ADD69D002A831C /* Project object */;
			proxyType = 1;
			remoteGlobalIDString = CA30BC2418ADD69D002A831C;
			remoteInfo = Lightr;
		};
/* End PBXContainerItemProxy section */

/* Begin PBXFileReference section */
		CA14539518B7D89A0049A1BC /* failure-indicator.png */ = {isa = PBXFileReference; lastKnownFileType = image.png; path = "failure-indicator.png"; sourceTree = "<group>"; };
		CA14539618B7D89A0049A1BC /* failure-indicator@2x.png */ = {isa = PBXFileReference; lastKnownFileType = image.png; path = "failure-indicator@2x.png"; sourceTree = "<group>"; };
		CA14539718B7D89A0049A1BC /* success-indicator.png */ = {isa = PBXFileReference; lastKnownFileType = image.png; path = "success-indicator.png"; sourceTree = "<group>"; };
		CA14539818B7D89A0049A1BC /* success-indicator@2x.png */ = {isa = PBXFileReference; lastKnownFileType = image.png; path = "success-indicator@2x.png"; sourceTree = "<group>"; };
		CA14539918B7D89A0049A1BC /* KTLoader.h */ = {isa = PBXFileReference; fileEncoding = 4; lastKnownFileType = sourcecode.c.h; path = KTLoader.h; sourceTree = "<group>"; };
		CA14539A18B7D89A0049A1BC /* KTLoader.m */ = {isa = PBXFileReference; fileEncoding = 4; lastKnownFileType = sourcecode.c.objc; path = KTLoader.m; sourceTree = "<group>"; };
		CA1453A118B7D8AE0049A1BC /* KTCircularProgressIndicator.h */ = {isa = PBXFileReference; fileEncoding = 4; lastKnownFileType = sourcecode.c.h; path = KTCircularProgressIndicator.h; sourceTree = "<group>"; };
		CA1453A218B7D8AE0049A1BC /* KTCircularProgressIndicator.m */ = {isa = PBXFileReference; fileEncoding = 4; lastKnownFileType = sourcecode.c.objc; path = KTCircularProgressIndicator.m; sourceTree = "<group>"; };
		CA1453A518B7D8BD0049A1BC /* UIView+KTUtilities.h */ = {isa = PBXFileReference; fileEncoding = 4; lastKnownFileType = sourcecode.c.h; path = "UIView+KTUtilities.h"; sourceTree = "<group>"; };
		CA1453A618B7D8BD0049A1BC /* UIView+KTUtilities.m */ = {isa = PBXFileReference; fileEncoding = 4; lastKnownFileType = sourcecode.c.objc; path = "UIView+KTUtilities.m"; sourceTree = "<group>"; };
		CA17A2D218B6FE7800E68DA7 /* en */ = {isa = PBXFileReference; lastKnownFileType = file.storyboard; name = en; path = en.lproj/Main.storyboard; sourceTree = "<group>"; };
		CA30BC2518ADD69D002A831C /* Lightr.app */ = {isa = PBXFileReference; explicitFileType = wrapper.application; includeInIndex = 0; path = Lightr.app; sourceTree = BUILT_PRODUCTS_DIR; };
		CA30BC2818ADD69D002A831C /* Foundation.framework */ = {isa = PBXFileReference; lastKnownFileType = wrapper.framework; name = Foundation.framework; path = System/Library/Frameworks/Foundation.framework; sourceTree = SDKROOT; };
		CA30BC2A18ADD69D002A831C /* CoreGraphics.framework */ = {isa = PBXFileReference; lastKnownFileType = wrapper.framework; name = CoreGraphics.framework; path = System/Library/Frameworks/CoreGraphics.framework; sourceTree = SDKROOT; };
		CA30BC2C18ADD69D002A831C /* UIKit.framework */ = {isa = PBXFileReference; lastKnownFileType = wrapper.framework; name = UIKit.framework; path = System/Library/Frameworks/UIKit.framework; sourceTree = SDKROOT; };
		CA30BC3018ADD69D002A831C /* Lightr-Info.plist */ = {isa = PBXFileReference; lastKnownFileType = text.plist.xml; path = "Lightr-Info.plist"; sourceTree = "<group>"; };
		CA30BC3218ADD69D002A831C /* en */ = {isa = PBXFileReference; lastKnownFileType = text.plist.strings; name = en; path = en.lproj/InfoPlist.strings; sourceTree = "<group>"; };
		CA30BC3418ADD69D002A831C /* main.m */ = {isa = PBXFileReference; lastKnownFileType = sourcecode.c.objc; path = main.m; sourceTree = "<group>"; };
		CA30BC3618ADD69D002A831C /* Lightr-Prefix.pch */ = {isa = PBXFileReference; lastKnownFileType = sourcecode.c.h; path = "Lightr-Prefix.pch"; sourceTree = "<group>"; };
		CA30BC3718ADD69D002A831C /* AppDelegate.h */ = {isa = PBXFileReference; lastKnownFileType = sourcecode.c.h; path = AppDelegate.h; sourceTree = "<group>"; };
		CA30BC3818ADD69D002A831C /* AppDelegate.m */ = {isa = PBXFileReference; lastKnownFileType = sourcecode.c.objc; path = AppDelegate.m; sourceTree = "<group>"; };
		CA30BC3D18ADD69D002A831C /* MasterViewController.h */ = {isa = PBXFileReference; lastKnownFileType = sourcecode.c.h; path = MasterViewController.h; sourceTree = "<group>"; };
		CA30BC3E18ADD69D002A831C /* MasterViewController.m */ = {isa = PBXFileReference; lastKnownFileType = sourcecode.c.objc; path = MasterViewController.m; sourceTree = "<group>"; };
		CA30BC4018ADD69D002A831C /* DetailViewController.h */ = {isa = PBXFileReference; lastKnownFileType = sourcecode.c.h; path = DetailViewController.h; sourceTree = "<group>"; };
		CA30BC4118ADD69D002A831C /* DetailViewController.m */ = {isa = PBXFileReference; lastKnownFileType = sourcecode.c.objc; path = DetailViewController.m; sourceTree = "<group>"; };
		CA30BC4318ADD69D002A831C /* Images.xcassets */ = {isa = PBXFileReference; lastKnownFileType = folder.assetcatalog; path = Images.xcassets; sourceTree = "<group>"; };
		CA30BC4918ADD69D002A831C /* LightrTests.xctest */ = {isa = PBXFileReference; explicitFileType = wrapper.cfbundle; includeInIndex = 0; path = LightrTests.xctest; sourceTree = BUILT_PRODUCTS_DIR; };
		CA30BC4A18ADD69D002A831C /* XCTest.framework */ = {isa = PBXFileReference; lastKnownFileType = wrapper.framework; name = XCTest.framework; path = Library/Frameworks/XCTest.framework; sourceTree = DEVELOPER_DIR; };
		CA30BC5218ADD69D002A831C /* LightrTests-Info.plist */ = {isa = PBXFileReference; lastKnownFileType = text.plist.xml; path = "LightrTests-Info.plist"; sourceTree = "<group>"; };
		CA30BC5418ADD69D002A831C /* en */ = {isa = PBXFileReference; lastKnownFileType = text.plist.strings; name = en; path = en.lproj/InfoPlist.strings; sourceTree = "<group>"; };
		CA30BC5618ADD69D002A831C /* LightrTests.m */ = {isa = PBXFileReference; lastKnownFileType = sourcecode.c.objc; path = LightrTests.m; sourceTree = "<group>"; };
		CA4F2E5118ADDF610047BDA2 /* TVIcon.h */ = {isa = PBXFileReference; fileEncoding = 4; lastKnownFileType = sourcecode.c.h; path = TVIcon.h; sourceTree = "<group>"; };
		CA4F2E5218ADDF610047BDA2 /* TVIcon.m */ = {isa = PBXFileReference; fileEncoding = 4; lastKnownFileType = sourcecode.c.objc; path = TVIcon.m; sourceTree = "<group>"; };
		CA5C0B8718B3D2AA0066AB18 /* MessageUI.framework */ = {isa = PBXFileReference; lastKnownFileType = wrapper.framework; name = MessageUI.framework; path = System/Library/Frameworks/MessageUI.framework; sourceTree = SDKROOT; };
		CA5C0BD318B3E0D20066AB18 /* Lightr.xcdatamodel */ = {isa = PBXFileReference; lastKnownFileType = wrapper.xcdatamodel; path = Lightr.xcdatamodel; sourceTree = "<group>"; };
		CA5C0BD518B3E17A0066AB18 /* CoreData.framework */ = {isa = PBXFileReference; lastKnownFileType = wrapper.framework; name = CoreData.framework; path = System/Library/Frameworks/CoreData.framework; sourceTree = SDKROOT; };
		CA5C0BD718B3E4CA0066AB18 /* Configuration.h */ = {isa = PBXFileReference; fileEncoding = 4; lastKnownFileType = sourcecode.c.h; path = Configuration.h; sourceTree = "<group>"; };
		CA5C0BD818B3E4CA0066AB18 /* Configuration.m */ = {isa = PBXFileReference; fileEncoding = 4; lastKnownFileType = sourcecode.c.objc; path = Configuration.m; sourceTree = "<group>"; };
		CA5C0BDA18B3EFC70066AB18 /* ConfigurationCell.h */ = {isa = PBXFileReference; fileEncoding = 4; lastKnownFileType = sourcecode.c.h; path = ConfigurationCell.h; sourceTree = "<group>"; };
		CA5C0BDB18B3EFC70066AB18 /* ConfigurationCell.m */ = {isa = PBXFileReference; fileEncoding = 4; lastKnownFileType = sourcecode.c.objc; path = ConfigurationCell.m; sourceTree = "<group>"; };
		CA79506418B717D20094682A /* colorPicker.bundle */ = {isa = PBXFileReference; lastKnownFileType = "wrapper.plug-in"; path = colorPicker.bundle; sourceTree = "<group>"; };
		CA79506518B717D20094682A /* NEOColorPickerBaseViewController.h */ = {isa = PBXFileReference; fileEncoding = 4; lastKnownFileType = sourcecode.c.h; path = NEOColorPickerBaseViewController.h; sourceTree = "<group>"; };
		CA79506618B717D20094682A /* NEOColorPickerBaseViewController.m */ = {isa = PBXFileReference; fileEncoding = 4; lastKnownFileType = sourcecode.c.objc; path = NEOColorPickerBaseViewController.m; sourceTree = "<group>"; };
		CA79506A18B717D20094682A /* NEOColorPickerGradientView.h */ = {isa = PBXFileReference; fileEncoding = 4; lastKnownFileType = sourcecode.c.h; path = NEOColorPickerGradientView.h; sourceTree = "<group>"; };
		CA79506B18B717D20094682A /* NEOColorPickerGradientView.m */ = {isa = PBXFileReference; fileEncoding = 4; lastKnownFileType = sourcecode.c.objc; path = NEOColorPickerGradientView.m; sourceTree = "<group>"; };
		CA79506C18B717D20094682A /* NEOColorPickerHSLViewController.h */ = {isa = PBXFileReference; fileEncoding = 4; lastKnownFileType = sourcecode.c.h; path = NEOColorPickerHSLViewController.h; sourceTree = "<group>"; };
		CA79506D18B717D20094682A /* NEOColorPickerHSLViewController.m */ = {isa = PBXFileReference; fileEncoding = 4; lastKnownFileType = sourcecode.c.objc; path = NEOColorPickerHSLViewController.m; sourceTree = "<group>"; };
		CA79506E18B717D20094682A /* NEOColorPickerHSLViewController.xib */ = {isa = PBXFileReference; fileEncoding = 4; lastKnownFileType = file.xib; path = NEOColorPickerHSLViewController.xib; sourceTree = "<group>"; };
		CA79506F18B717D20094682A /* NEOColorPickerHueGridViewController.h */ = {isa = PBXFileReference; fileEncoding = 4; lastKnownFileType = sourcecode.c.h; path = NEOColorPickerHueGridViewController.h; sourceTree = "<group>"; };
		CA79507018B717D20094682A /* NEOColorPickerHueGridViewController.m */ = {isa = PBXFileReference; fileEncoding = 4; lastKnownFileType = sourcecode.c.objc; path = NEOColorPickerHueGridViewController.m; sourceTree = "<group>"; };
		CA79507118B717D20094682A /* NEOColorPickerHueGridViewController.xib */ = {isa = PBXFileReference; fileEncoding = 4; lastKnownFileType = file.xib; path = NEOColorPickerHueGridViewController.xib; sourceTree = "<group>"; };
		CA79507218B717D20094682A /* NEOColorPickerViewController.h */ = {isa = PBXFileReference; fileEncoding = 4; lastKnownFileType = sourcecode.c.h; path = NEOColorPickerViewController.h; sourceTree = "<group>"; };
		CA79507318B717D20094682A /* NEOColorPickerViewController.m */ = {isa = PBXFileReference; fileEncoding = 4; lastKnownFileType = sourcecode.c.objc; path = NEOColorPickerViewController.m; sourceTree = "<group>"; };
		CA79507418B717D20094682A /* NEOColorPickerViewController.xib */ = {isa = PBXFileReference; fileEncoding = 4; lastKnownFileType = file.xib; path = NEOColorPickerViewController.xib; sourceTree = "<group>"; };
		CA79507518B717D20094682A /* UIColor+NEOColor.h */ = {isa = PBXFileReference; fileEncoding = 4; lastKnownFileType = sourcecode.c.h; path = "UIColor+NEOColor.h"; sourceTree = "<group>"; };
		CA79507618B717D20094682A /* UIColor+NEOColor.m */ = {isa = PBXFileReference; fileEncoding = 4; lastKnownFileType = sourcecode.c.objc; path = "UIColor+NEOColor.m"; sourceTree = "<group>"; };
		CA79508318B7269C0094682A /* UIColor+RGBValues.h */ = {isa = PBXFileReference; fileEncoding = 4; lastKnownFileType = sourcecode.c.h; path = "UIColor+RGBValues.h"; sourceTree = "<group>"; };
		CA79508418B7269C0094682A /* UIColor+RGBValues.m */ = {isa = PBXFileReference; fileEncoding = 4; lastKnownFileType = sourcecode.c.objc; path = "UIColor+RGBValues.m"; sourceTree = "<group>"; };
		CA79508618B73A880094682A /* whole.config */ = {isa = PBXFileReference; fileEncoding = 4; lastKnownFileType = text; name = whole.config; path = config/whole.config; sourceTree = "<group>"; };
		CA79508818B742440094682A /* split-horiz.config */ = {isa = PBXFileReference; fileEncoding = 4; lastKnownFileType = text; name = "split-horiz.config"; path = "config/split-horiz.config"; sourceTree = "<group>"; };
		CA79508A18B7585D0094682A /* split-vert.config */ = {isa = PBXFileReference; fileEncoding = 4; lastKnownFileType = text; name = "split-vert.config"; path = "config/split-vert.config"; sourceTree = "<group>"; };
		CA79508C18B75BAB0094682A /* split-horiz-thirds.config */ = {isa = PBXFileReference; fileEncoding = 4; lastKnownFileType = text; name = "split-horiz-thirds.config"; path = "config/split-horiz-thirds.config"; sourceTree = "<group>"; };
		CA79508E18B75C9E0094682A /* split-vert-thirds.config */ = {isa = PBXFileReference; fileEncoding = 4; lastKnownFileType = text; name = "split-vert-thirds.config"; path = "config/split-vert-thirds.config"; sourceTree = "<group>"; };
		CA79509018B75CF70094682A /* quadrants.config */ = {isa = PBXFileReference; fileEncoding = 4; lastKnownFileType = text; name = quadrants.config; path = config/quadrants.config; sourceTree = "<group>"; };
		CAEE564018B4934E000667F2 /* ColorPickerViewController.h */ = {isa = PBXFileReference; fileEncoding = 4; lastKnownFileType = sourcecode.c.h; path = ColorPickerViewController.h; sourceTree = "<group>"; };
		CAEE564118B4934E000667F2 /* ColorPickerViewController.m */ = {isa = PBXFileReference; fileEncoding = 4; lastKnownFileType = sourcecode.c.objc; path = ColorPickerViewController.m; sourceTree = "<group>"; };
/* End PBXFileReference section */

/* Begin PBXFrameworksBuildPhase section */
		CA30BC2218ADD69D002A831C /* Frameworks */ = {
			isa = PBXFrameworksBuildPhase;
			buildActionMask = 2147483647;
			files = (
				CA5C0BD618B3E17A0066AB18 /* CoreData.framework in Frameworks */,
				CA5C0B8818B3D2AA0066AB18 /* MessageUI.framework in Frameworks */,
				CA30BC2B18ADD69D002A831C /* CoreGraphics.framework in Frameworks */,
				CA30BC2D18ADD69D002A831C /* UIKit.framework in Frameworks */,
				CA30BC2918ADD69D002A831C /* Foundation.framework in Frameworks */,
			);
			runOnlyForDeploymentPostprocessing = 0;
		};
		CA30BC4618ADD69D002A831C /* Frameworks */ = {
			isa = PBXFrameworksBuildPhase;
			buildActionMask = 2147483647;
			files = (
				CA30BC4B18ADD69D002A831C /* XCTest.framework in Frameworks */,
				CA30BC4D18ADD69D002A831C /* UIKit.framework in Frameworks */,
				CA30BC4C18ADD69D002A831C /* Foundation.framework in Frameworks */,
			);
			runOnlyForDeploymentPostprocessing = 0;
		};
/* End PBXFrameworksBuildPhase section */

/* Begin PBXGroup section */
		CA14539318B7D89A0049A1BC /* KTLoader */ = {
			isa = PBXGroup;
			children = (
				CA1453A418B7D8BD0049A1BC /* UIView */,
				CA14539418B7D89A0049A1BC /* images */,
				CA14539918B7D89A0049A1BC /* KTLoader.h */,
				CA14539A18B7D89A0049A1BC /* KTLoader.m */,
			);
			path = KTLoader;
			sourceTree = "<group>";
		};
		CA14539418B7D89A0049A1BC /* images */ = {
			isa = PBXGroup;
			children = (
				CA14539518B7D89A0049A1BC /* failure-indicator.png */,
				CA14539618B7D89A0049A1BC /* failure-indicator@2x.png */,
				CA14539718B7D89A0049A1BC /* success-indicator.png */,
				CA14539818B7D89A0049A1BC /* success-indicator@2x.png */,
			);
			path = images;
			sourceTree = "<group>";
		};
		CA1453A018B7D8AE0049A1BC /* KTCircularProgressIndicator */ = {
			isa = PBXGroup;
			children = (
				CA1453A118B7D8AE0049A1BC /* KTCircularProgressIndicator.h */,
				CA1453A218B7D8AE0049A1BC /* KTCircularProgressIndicator.m */,
			);
			path = KTCircularProgressIndicator;
			sourceTree = "<group>";
		};
		CA1453A418B7D8BD0049A1BC /* UIView */ = {
			isa = PBXGroup;
			children = (
				CA1453A518B7D8BD0049A1BC /* UIView+KTUtilities.h */,
				CA1453A618B7D8BD0049A1BC /* UIView+KTUtilities.m */,
			);
			path = UIView;
			sourceTree = "<group>";
		};
		CA30BC1C18ADD69D002A831C = {
			isa = PBXGroup;
			children = (
				CA30BC2E18ADD69D002A831C /* Lightr */,
				CA30BC5018ADD69D002A831C /* LightrTests */,
				CA30BC2718ADD69D002A831C /* Frameworks */,
				CA30BC2618ADD69D002A831C /* Products */,
			);
			sourceTree = "<group>";
		};
		CA30BC2618ADD69D002A831C /* Products */ = {
			isa = PBXGroup;
			children = (
				CA30BC2518ADD69D002A831C /* Lightr.app */,
				CA30BC4918ADD69D002A831C /* LightrTests.xctest */,
			);
			name = Products;
			sourceTree = "<group>";
		};
		CA30BC2718ADD69D002A831C /* Frameworks */ = {
			isa = PBXGroup;
			children = (
				CA5C0BD518B3E17A0066AB18 /* CoreData.framework */,
				CA5C0B8718B3D2AA0066AB18 /* MessageUI.framework */,
				CA30BC2818ADD69D002A831C /* Foundation.framework */,
				CA30BC2A18ADD69D002A831C /* CoreGraphics.framework */,
				CA30BC2C18ADD69D002A831C /* UIKit.framework */,
				CA30BC4A18ADD69D002A831C /* XCTest.framework */,
			);
			name = Frameworks;
			sourceTree = "<group>";
		};
		CA30BC2E18ADD69D002A831C /* Lightr */ = {
			isa = PBXGroup;
			children = (
				CA1453A018B7D8AE0049A1BC /* KTCircularProgressIndicator */,
				CA14539318B7D89A0049A1BC /* KTLoader */,
				CA79508318B7269C0094682A /* UIColor+RGBValues.h */,
				CA79508418B7269C0094682A /* UIColor+RGBValues.m */,
				CA79506318B717C20094682A /* ColorPicker */,
				CA5C0BD318B3E0D20066AB18 /* Lightr.xcdatamodel */,
				CA5C0BDA18B3EFC70066AB18 /* ConfigurationCell.h */,
				CA5C0BDB18B3EFC70066AB18 /* ConfigurationCell.m */,
				CA5C0BD718B3E4CA0066AB18 /* Configuration.h */,
				CA5C0BD818B3E4CA0066AB18 /* Configuration.m */,
				CA30BC3718ADD69D002A831C /* AppDelegate.h */,
				CA30BC3818ADD69D002A831C /* AppDelegate.m */,
				CA4F2E5118ADDF610047BDA2 /* TVIcon.h */,
				CA4F2E5218ADDF610047BDA2 /* TVIcon.m */,
				CA17A2D118B6FE7800E68DA7 /* Main.storyboard */,
				CA30BC3D18ADD69D002A831C /* MasterViewController.h */,
				CA30BC3E18ADD69D002A831C /* MasterViewController.m */,
				CA30BC4018ADD69D002A831C /* DetailViewController.h */,
				CA30BC4118ADD69D002A831C /* DetailViewController.m */,
				CA30BC4318ADD69D002A831C /* Images.xcassets */,
				CA30BC2F18ADD69D002A831C /* Supporting Files */,
				CAEE564018B4934E000667F2 /* ColorPickerViewController.h */,
				CAEE564118B4934E000667F2 /* ColorPickerViewController.m */,
				CA79508E18B75C9E0094682A /* split-vert-thirds.config */,
				CA79509018B75CF70094682A /* quadrants.config */,
				CA79508C18B75BAB0094682A /* split-horiz-thirds.config */,
				CA79508818B742440094682A /* split-horiz.config */,
				CA79508A18B7585D0094682A /* split-vert.config */,
				CA79508618B73A880094682A /* whole.config */,
			);
			path = Lightr;
			sourceTree = "<group>";
		};
		CA30BC2F18ADD69D002A831C /* Supporting Files */ = {
			isa = PBXGroup;
			children = (
				CA30BC3018ADD69D002A831C /* Lightr-Info.plist */,
				CA30BC3118ADD69D002A831C /* InfoPlist.strings */,
				CA30BC3418ADD69D002A831C /* main.m */,
				CA30BC3618ADD69D002A831C /* Lightr-Prefix.pch */,
			);
			name = "Supporting Files";
			sourceTree = "<group>";
		};
		CA30BC5018ADD69D002A831C /* LightrTests */ = {
			isa = PBXGroup;
			children = (
				CA30BC5618ADD69D002A831C /* LightrTests.m */,
				CA30BC5118ADD69D002A831C /* Supporting Files */,
			);
			path = LightrTests;
			sourceTree = "<group>";
		};
		CA30BC5118ADD69D002A831C /* Supporting Files */ = {
			isa = PBXGroup;
			children = (
				CA30BC5218ADD69D002A831C /* LightrTests-Info.plist */,
				CA30BC5318ADD69D002A831C /* InfoPlist.strings */,
			);
			name = "Supporting Files";
			sourceTree = "<group>";
		};
		CA79506318B717C20094682A /* ColorPicker */ = {
			isa = PBXGroup;
			children = (
				CA79506418B717D20094682A /* colorPicker.bundle */,
				CA79506518B717D20094682A /* NEOColorPickerBaseViewController.h */,
				CA79506618B717D20094682A /* NEOColorPickerBaseViewController.m */,
				CA79506A18B717D20094682A /* NEOColorPickerGradientView.h */,
				CA79506B18B717D20094682A /* NEOColorPickerGradientView.m */,
				CA79506C18B717D20094682A /* NEOColorPickerHSLViewController.h */,
				CA79506D18B717D20094682A /* NEOColorPickerHSLViewController.m */,
				CA79506E18B717D20094682A /* NEOColorPickerHSLViewController.xib */,
				CA79506F18B717D20094682A /* NEOColorPickerHueGridViewController.h */,
				CA79507018B717D20094682A /* NEOColorPickerHueGridViewController.m */,
				CA79507118B717D20094682A /* NEOColorPickerHueGridViewController.xib */,
				CA79507218B717D20094682A /* NEOColorPickerViewController.h */,
				CA79507318B717D20094682A /* NEOColorPickerViewController.m */,
				CA79507418B717D20094682A /* NEOColorPickerViewController.xib */,
				CA79507518B717D20094682A /* UIColor+NEOColor.h */,
				CA79507618B717D20094682A /* UIColor+NEOColor.m */,
			);
			name = ColorPicker;
			sourceTree = "<group>";
		};
/* End PBXGroup section */

/* Begin PBXNativeTarget section */
		CA30BC2418ADD69D002A831C /* Lightr */ = {
			isa = PBXNativeTarget;
			buildConfigurationList = CA30BC5A18ADD69E002A831C /* Build configuration list for PBXNativeTarget "Lightr" */;
			buildPhases = (
				CA30BC2118ADD69D002A831C /* Sources */,
				CA30BC2218ADD69D002A831C /* Frameworks */,
				CA30BC2318ADD69D002A831C /* Resources */,
			);
			buildRules = (
			);
			dependencies = (
			);
			name = Lightr;
			productName = Lightr;
			productReference = CA30BC2518ADD69D002A831C /* Lightr.app */;
			productType = "com.apple.product-type.application";
		};
		CA30BC4818ADD69D002A831C /* LightrTests */ = {
			isa = PBXNativeTarget;
			buildConfigurationList = CA30BC5D18ADD69E002A831C /* Build configuration list for PBXNativeTarget "LightrTests" */;
			buildPhases = (
				CA30BC4518ADD69D002A831C /* Sources */,
				CA30BC4618ADD69D002A831C /* Frameworks */,
				CA30BC4718ADD69D002A831C /* Resources */,
			);
			buildRules = (
			);
			dependencies = (
				CA30BC4F18ADD69D002A831C /* PBXTargetDependency */,
			);
			name = LightrTests;
			productName = LightrTests;
			productReference = CA30BC4918ADD69D002A831C /* LightrTests.xctest */;
			productType = "com.apple.product-type.bundle.unit-test";
		};
/* End PBXNativeTarget section */

/* Begin PBXProject section */
		CA30BC1D18ADD69D002A831C /* Project object */ = {
			isa = PBXProject;
			attributes = {
				LastUpgradeCheck = 0500;
				ORGANIZATIONNAME = "Whitewater Labs";
				TargetAttributes = {
					CA30BC2418ADD69D002A831C = {
						DevelopmentTeam = D3XDJB389J;
					};
					CA30BC4818ADD69D002A831C = {
						TestTargetID = CA30BC2418ADD69D002A831C;
					};
				};
			};
			buildConfigurationList = CA30BC2018ADD69D002A831C /* Build configuration list for PBXProject "Lightr" */;
			compatibilityVersion = "Xcode 3.2";
			developmentRegion = English;
			hasScannedForEncodings = 0;
			knownRegions = (
				en,
				Base,
			);
			mainGroup = CA30BC1C18ADD69D002A831C;
			productRefGroup = CA30BC2618ADD69D002A831C /* Products */;
			projectDirPath = "";
			projectRoot = "";
			targets = (
				CA30BC2418ADD69D002A831C /* Lightr */,
				CA30BC4818ADD69D002A831C /* LightrTests */,
			);
		};
/* End PBXProject section */

/* Begin PBXResourcesBuildPhase section */
		CA30BC2318ADD69D002A831C /* Resources */ = {
			isa = PBXResourcesBuildPhase;
			buildActionMask = 2147483647;
			files = (
				CA17A2D318B6FE7800E68DA7 /* Main.storyboard in Resources */,
				CA79507F18B717D20094682A /* NEOColorPickerHueGridViewController.xib in Resources */,
				CA30BC4418ADD69D002A831C /* Images.xcassets in Resources */,
				CA79508918B742440094682A /* split-horiz.config in Resources */,
				CA79507D18B717D20094682A /* NEOColorPickerHSLViewController.xib in Resources */,
				CA79508F18B75C9E0094682A /* split-vert-thirds.config in Resources */,
				CA79508D18B75BAB0094682A /* split-horiz-thirds.config in Resources */,
				CA30BC3318ADD69D002A831C /* InfoPlist.strings in Resources */,
				CA79508118B717D20094682A /* NEOColorPickerViewController.xib in Resources */,
				CA79508718B73A880094682A /* whole.config in Resources */,
				CA14539B18B7D89A0049A1BC /* failure-indicator.png in Resources */,
				CA14539D18B7D89A0049A1BC /* success-indicator.png in Resources */,
				CA79507718B717D20094682A /* colorPicker.bundle in Resources */,
				CA79508B18B7585D0094682A /* split-vert.config in Resources */,
				CA14539E18B7D89A0049A1BC /* success-indicator@2x.png in Resources */,
				CA79509118B75CF70094682A /* quadrants.config in Resources */,
				CA14539C18B7D89A0049A1BC /* failure-indicator@2x.png in Resources */,
			);
			runOnlyForDeploymentPostprocessing = 0;
		};
		CA30BC4718ADD69D002A831C /* Resources */ = {
			isa = PBXResourcesBuildPhase;
			buildActionMask = 2147483647;
			files = (
				CA30BC5518ADD69D002A831C /* InfoPlist.strings in Resources */,
			);
			runOnlyForDeploymentPostprocessing = 0;
		};
/* End PBXResourcesBuildPhase section */

/* Begin PBXSourcesBuildPhase section */
		CA30BC2118ADD69D002A831C /* Sources */ = {
			isa = PBXSourcesBuildPhase;
			buildActionMask = 2147483647;
			files = (
				CA1453A718B7D8BD0049A1BC /* UIView+KTUtilities.m in Sources */,
				CA5C0BD918B3E4CA0066AB18 /* Configuration.m in Sources */,
				CA79508518B7269C0094682A /* UIColor+RGBValues.m in Sources */,
				CA1453A318B7D8AE0049A1BC /* KTCircularProgressIndicator.m in Sources */,
				CA30BC3918ADD69D002A831C /* AppDelegate.m in Sources */,
				CA79507E18B717D20094682A /* NEOColorPickerHueGridViewController.m in Sources */,
				CA30BC3F18ADD69D002A831C /* MasterViewController.m in Sources */,
				CA4F2E5318ADDF610047BDA2 /* TVIcon.m in Sources */,
				CA79508218B717D20094682A /* UIColor+NEOColor.m in Sources */,
				CA14539F18B7D89A0049A1BC /* KTLoader.m in Sources */,
				CA30BC3518ADD69D002A831C /* main.m in Sources */,
				CA79508018B717D20094682A /* NEOColorPickerViewController.m in Sources */,
				CA5C0BD418B3E0D20066AB18 /* Lightr.xcdatamodel in Sources */,
				CA79507C18B717D20094682A /* NEOColorPickerHSLViewController.m in Sources */,
				CA79507B18B717D20094682A /* NEOColorPickerGradientView.m in Sources */,
				CA5C0BDC18B3EFC70066AB18 /* ConfigurationCell.m in Sources */,
				CAEE564218B4934E000667F2 /* ColorPickerViewController.m in Sources */,
				CA79507818B717D20094682A /* NEOColorPickerBaseViewController.m in Sources */,
				CA30BC4218ADD69D002A831C /* DetailViewController.m in Sources */,
			);
			runOnlyForDeploymentPostprocessing = 0;
		};
		CA30BC4518ADD69D002A831C /* Sources */ = {
			isa = PBXSourcesBuildPhase;
			buildActionMask = 2147483647;
			files = (
				CA30BC5718ADD69D002A831C /* LightrTests.m in Sources */,
			);
			runOnlyForDeploymentPostprocessing = 0;
		};
/* End PBXSourcesBuildPhase section */

/* Begin PBXTargetDependency section */
		CA30BC4F18ADD69D002A831C /* PBXTargetDependency */ = {
			isa = PBXTargetDependency;
			target = CA30BC2418ADD69D002A831C /* Lightr */;
			targetProxy = CA30BC4E18ADD69D002A831C /* PBXContainerItemProxy */;
		};
/* End PBXTargetDependency section */

/* Begin PBXVariantGroup section */
		CA17A2D118B6FE7800E68DA7 /* Main.storyboard */ = {
			isa = PBXVariantGroup;
			children = (
				CA17A2D218B6FE7800E68DA7 /* en */,
			);
			name = Main.storyboard;
			sourceTree = "<group>";
		};
		CA30BC3118ADD69D002A831C /* InfoPlist.strings */ = {
			isa = PBXVariantGroup;
			children = (
				CA30BC3218ADD69D002A831C /* en */,
			);
			name = InfoPlist.strings;
			sourceTree = "<group>";
		};
		CA30BC5318ADD69D002A831C /* InfoPlist.strings */ = {
			isa = PBXVariantGroup;
			children = (
				CA30BC5418ADD69D002A831C /* en */,
			);
			name = InfoPlist.strings;
			sourceTree = "<group>";
		};
/* End PBXVariantGroup section */

/* Begin XCBuildConfiguration section */
		CA30BC5818ADD69E002A831C /* Debug */ = {
			isa = XCBuildConfiguration;
			buildSettings = {
				ALWAYS_SEARCH_USER_PATHS = NO;
				ARCHS = "$(ARCHS_STANDARD_INCLUDING_64_BIT)";
				CLANG_CXX_LANGUAGE_STANDARD = "gnu++0x";
				CLANG_CXX_LIBRARY = "libc++";
				CLANG_ENABLE_MODULES = YES;
				CLANG_ENABLE_OBJC_ARC = YES;
				CLANG_WARN_BOOL_CONVERSION = YES;
				CLANG_WARN_CONSTANT_CONVERSION = YES;
				CLANG_WARN_DIRECT_OBJC_ISA_USAGE = YES_ERROR;
				CLANG_WARN_EMPTY_BODY = YES;
				CLANG_WARN_ENUM_CONVERSION = YES;
				CLANG_WARN_INT_CONVERSION = YES;
				CLANG_WARN_OBJC_ROOT_CLASS = YES_ERROR;
				CLANG_WARN__DUPLICATE_METHOD_MATCH = YES;
				"CODE_SIGN_IDENTITY[sdk=iphoneos*]" = "iPhone Developer";
				COPY_PHASE_STRIP = NO;
				GCC_C_LANGUAGE_STANDARD = gnu99;
				GCC_DYNAMIC_NO_PIC = NO;
				GCC_OPTIMIZATION_LEVEL = 0;
				GCC_PREPROCESSOR_DEFINITIONS = (
					"DEBUG=1",
					"$(inherited)",
				);
				GCC_SYMBOLS_PRIVATE_EXTERN = NO;
				GCC_WARN_64_TO_32_BIT_CONVERSION = YES;
				GCC_WARN_ABOUT_RETURN_TYPE = YES_ERROR;
				GCC_WARN_UNDECLARED_SELECTOR = YES;
				GCC_WARN_UNINITIALIZED_AUTOS = YES;
				GCC_WARN_UNUSED_FUNCTION = YES;
				GCC_WARN_UNUSED_VARIABLE = YES;
				IPHONEOS_DEPLOYMENT_TARGET = 7.0;
				ONLY_ACTIVE_ARCH = YES;
				SDKROOT = iphoneos;
				TARGETED_DEVICE_FAMILY = 2;
			};
			name = Debug;
		};
		CA30BC5918ADD69E002A831C /* Release */ = {
			isa = XCBuildConfiguration;
			buildSettings = {
				ALWAYS_SEARCH_USER_PATHS = NO;
				ARCHS = "$(ARCHS_STANDARD_INCLUDING_64_BIT)";
				CLANG_CXX_LANGUAGE_STANDARD = "gnu++0x";
				CLANG_CXX_LIBRARY = "libc++";
				CLANG_ENABLE_MODULES = YES;
				CLANG_ENABLE_OBJC_ARC = YES;
				CLANG_WARN_BOOL_CONVERSION = YES;
				CLANG_WARN_CONSTANT_CONVERSION = YES;
				CLANG_WARN_DIRECT_OBJC_ISA_USAGE = YES_ERROR;
				CLANG_WARN_EMPTY_BODY = YES;
				CLANG_WARN_ENUM_CONVERSION = YES;
				CLANG_WARN_INT_CONVERSION = YES;
				CLANG_WARN_OBJC_ROOT_CLASS = YES_ERROR;
				CLANG_WARN__DUPLICATE_METHOD_MATCH = YES;
				"CODE_SIGN_IDENTITY[sdk=iphoneos*]" = "iPhone Developer";
				COPY_PHASE_STRIP = YES;
				ENABLE_NS_ASSERTIONS = NO;
				GCC_C_LANGUAGE_STANDARD = gnu99;
				GCC_WARN_64_TO_32_BIT_CONVERSION = YES;
				GCC_WARN_ABOUT_RETURN_TYPE = YES_ERROR;
				GCC_WARN_UNDECLARED_SELECTOR = YES;
				GCC_WARN_UNINITIALIZED_AUTOS = YES;
				GCC_WARN_UNUSED_FUNCTION = YES;
				GCC_WARN_UNUSED_VARIABLE = YES;
				IPHONEOS_DEPLOYMENT_TARGET = 7.0;
				SDKROOT = iphoneos;
				TARGETED_DEVICE_FAMILY = 2;
				VALIDATE_PRODUCT = YES;
			};
			name = Release;
		};
		CA30BC5B18ADD69E002A831C /* Debug */ = {
			isa = XCBuildConfiguration;
			buildSettings = {
				ASSETCATALOG_COMPILER_APPICON_NAME = AppIcon;
				ASSETCATALOG_COMPILER_LAUNCHIMAGE_NAME = LaunchImage;
				CODE_SIGN_IDENTITY = "iPhone Developer";
				"CODE_SIGN_IDENTITY[sdk=iphoneos*]" = "iPhone Developer";
				GCC_PRECOMPILE_PREFIX_HEADER = YES;
				GCC_PREFIX_HEADER = "Lightr/Lightr-Prefix.pch";
				INFOPLIST_FILE = "Lightr/Lightr-Info.plist";
				IPHONEOS_DEPLOYMENT_TARGET = 5.1;
				PRODUCT_NAME = "$(TARGET_NAME)";
				PROVISIONING_PROFILE = "";
				WRAPPER_EXTENSION = app;
			};
			name = Debug;
		};
		CA30BC5C18ADD69E002A831C /* Release */ = {
			isa = XCBuildConfiguration;
			buildSettings = {
				ASSETCATALOG_COMPILER_APPICON_NAME = AppIcon;
				ASSETCATALOG_COMPILER_LAUNCHIMAGE_NAME = LaunchImage;
				CODE_SIGN_IDENTITY = "iPhone Developer";
				"CODE_SIGN_IDENTITY[sdk=iphoneos*]" = "iPhone Developer";
				GCC_PRECOMPILE_PREFIX_HEADER = YES;
				GCC_PREFIX_HEADER = "Lightr/Lightr-Prefix.pch";
				INFOPLIST_FILE = "Lightr/Lightr-Info.plist";
				IPHONEOS_DEPLOYMENT_TARGET = 5.1;
				PRODUCT_NAME = "$(TARGET_NAME)";
				PROVISIONING_PROFILE = "";
				WRAPPER_EXTENSION = app;
			};
			name = Release;
		};
		CA30BC5E18ADD69E002A831C /* Debug */ = {
			isa = XCBuildConfiguration;
			buildSettings = {
				ARCHS = "$(ARCHS_STANDARD_INCLUDING_64_BIT)";
				BUNDLE_LOADER = "$(BUILT_PRODUCTS_DIR)/Lightr.app/Lightr";
				FRAMEWORK_SEARCH_PATHS = (
					"$(SDKROOT)/Developer/Library/Frameworks",
					"$(inherited)",
					"$(DEVELOPER_FRAMEWORKS_DIR)",
				);
				GCC_PRECOMPILE_PREFIX_HEADER = YES;
				GCC_PREFIX_HEADER = "Lightr/Lightr-Prefix.pch";
				GCC_PREPROCESSOR_DEFINITIONS = (
					"DEBUG=1",
					"$(inherited)",
				);
				INFOPLIST_FILE = "LightrTests/LightrTests-Info.plist";
				PRODUCT_NAME = "$(TARGET_NAME)";
				TEST_HOST = "$(BUNDLE_LOADER)";
				WRAPPER_EXTENSION = xctest;
			};
			name = Debug;
		};
		CA30BC5F18ADD69E002A831C /* Release */ = {
			isa = XCBuildConfiguration;
			buildSettings = {
				ARCHS = "$(ARCHS_STANDARD_INCLUDING_64_BIT)";
				BUNDLE_LOADER = "$(BUILT_PRODUCTS_DIR)/Lightr.app/Lightr";
				FRAMEWORK_SEARCH_PATHS = (
					"$(SDKROOT)/Developer/Library/Frameworks",
					"$(inherited)",
					"$(DEVELOPER_FRAMEWORKS_DIR)",
				);
				GCC_PRECOMPILE_PREFIX_HEADER = YES;
				GCC_PREFIX_HEADER = "Lightr/Lightr-Prefix.pch";
				INFOPLIST_FILE = "LightrTests/LightrTests-Info.plist";
				PRODUCT_NAME = "$(TARGET_NAME)";
				TEST_HOST = "$(BUNDLE_LOADER)";
				WRAPPER_EXTENSION = xctest;
			};
			name = Release;
		};
/* End XCBuildConfiguration section */

/* Begin XCConfigurationList section */
		CA30BC2018ADD69D002A831C /* Build configuration list for PBXProject "Lightr" */ = {
			isa = XCConfigurationList;
			buildConfigurations = (
				CA30BC5818ADD69E002A831C /* Debug */,
				CA30BC5918ADD69E002A831C /* Release */,
			);
			defaultConfigurationIsVisible = 0;
			defaultConfigurationName = Release;
		};
		CA30BC5A18ADD69E002A831C /* Build configuration list for PBXNativeTarget "Lightr" */ = {
			isa = XCConfigurationList;
			buildConfigurations = (
				CA30BC5B18ADD69E002A831C /* Debug */,
				CA30BC5C18ADD69E002A831C /* Release */,
			);
			defaultConfigurationIsVisible = 0;
			defaultConfigurationName = Release;
		};
		CA30BC5D18ADD69E002A831C /* Build configuration list for PBXNativeTarget "LightrTests" */ = {
			isa = XCConfigurationList;
			buildConfigurations = (
				CA30BC5E18ADD69E002A831C /* Debug */,
				CA30BC5F18ADD69E002A831C /* Release */,
			);
			defaultConfigurationIsVisible = 0;
			defaultConfigurationName = Release;
		};
/* End XCConfigurationList section */
	};
	rootObject = CA30BC1D18ADD69D002A831C /* Project object */;
}
